
Microsoft Visual Studio Solution File, Format Version 12.00
# Visual Studio Version 17
VisualStudioVersion = 17.0.31903.59
MinimumVisualStudioVersion = 10.0.40219.1
Project("{FAE04EC0-301F-11D3-BF4B-00C04F79EFBC}") = "Accredia.SIGAD.Web", "Accredia.SIGAD.Web\Accredia.SIGAD.Web.csproj", "{8011929A-18D8-4D22-95C3-3E8C3EB22384}"
EndProject
Project("{FAE04EC0-301F-11D3-BF4B-00C04F79EFBC}") = "Accredia.SIGAD.Gateway", "Accredia.SIGAD.Gateway\Accredia.SIGAD.Gateway.csproj", "{1B6A75CA-0CE5-4B9B-97CF-FC1C4A8DAE1B}"
EndProject
Project("{FAE04EC0-301F-11D3-BF4B-00C04F79EFBC}") = "Accredia.SIGAD.Identity.Api", "Accredia.SIGAD.Identity.Api\Accredia.SIGAD.Identity.Api.csproj", "{7E38458A-77A5-48B6-90DF-ABEF0BCD93C8}"
EndProject
Project("{FAE04EC0-301F-11D3-BF4B-00C04F79EFBC}") = "Accredia.SIGAD.Identity.Api.Tests", "Accredia.SIGAD.Identity.Api.Tests\Accredia.SIGAD.Identity.Api.Tests.csproj", "{EB61D1C0-5CAD-49FB-9003-20F86FF6788F}"
EndProject
Project("{FAE04EC0-301F-11D3-BF4B-00C04F79EFBC}") = "Accredia.SIGAD.Tipologiche.Api", "Accredia.SIGAD.Tipologiche.Api\Accredia.SIGAD.Tipologiche.Api.csproj", "{F23B481C-DA67-44AA-89D3-31E476546B04}"
EndProject
Project("{FAE04EC0-301F-11D3-BF4B-00C04F79EFBC}") = "Accredia.SIGAD.Anagrafiche.Api", "Accredia.SIGAD.Anagrafiche.Api\Accredia.SIGAD.Anagrafiche.Api.csproj", "{6FDCC8FC-D693-4D68-A385-EE507F5466BD}"
EndProject
Project("{FAE04EC0-301F-11D3-BF4B-00C04F79EFBC}") = "Accredia.SIGAD.Shared", "Accredia.SIGAD.Shared\Accredia.SIGAD.Shared.csproj", "{9928B46C-2609-460D-84FF-B1FE08570120}"
EndProject
Project("{FAE04EC0-301F-11D3-BF4B-00C04F79EFBC}") = "Accredia.SIGAD.Web.E2E", "Accredia.SIGAD.Web.E2E\Accredia.SIGAD.Web.E2E.csproj", "{57AE94A2-349F-4601-B625-49F05BCBBAC4}"
EndProject
Project("{FAE04EC0-301F-11D3-BF4B-00C04F79EFBC}") = "Accredia.SIGAD.Anagrafiche.Api.Tests", "Accredia.SIGAD.Anagrafiche.Api.Tests\Accredia.SIGAD.Anagrafiche.Api.Tests.csproj", "{468A78F3-9EAD-423D-8BA7-3A22B84C0822}"
EndProject
Project("{FAE04EC0-301F-11D3-BF4B-00C04F79EFBC}") = "Accredia.SIGAD.RisorseUmane.Api", "Accredia.SIGAD.RisorseUmane.Api\Accredia.SIGAD.RisorseUmane.Api.csproj", "{883652F6-7652-42DF-A3AA-E1DC9998C6C6}"
EndProject
Project("{FAE04EC0-301F-11D3-BF4B-00C04F79EFBC}") = "Accredia.SIGAD.RisorseUmane.Api.Tests", "Accredia.SIGAD.RisorseUmane.Api.Tests\Accredia.SIGAD.RisorseUmane.Api.Tests.csproj", "{B94CFBDB-B273-43EE-A31F-DA217DC0FA7E}"
EndProject
Project("{FAE04EC0-301F-11D3-BF4B-00C04F79EFBC}") = "Accredia.SIGAD.RisorseUmane.Bff.Api", "Accredia.SIGAD.RisorseUmane.Bff.Api\Accredia.SIGAD.RisorseUmane.Bff.Api.csproj", "{197A3560-5092-4AE2-9529-778CE9EE2F45}"
EndProject
Project("{FAE04EC0-301F-11D3-BF4B-00C04F79EFBC}") = "Accredia.SIGAD.Tipologiche.Api.Tests", "Accredia.SIGAD.Tipologiche.Api.Tests\Accredia.SIGAD.Tipologiche.Api.Tests.csproj", "{11345366-F601-49C9-997A-7E3132F6AF61}"
EndProject
Global
	GlobalSection(SolutionConfigurationPlatforms) = preSolution
		Debug|Any CPU = Debug|Any CPU
		Debug|x64 = Debug|x64
		Debug|x86 = Debug|x86
		Release|Any CPU = Release|Any CPU
		Release|x64 = Release|x64
		Release|x86 = Release|x86
	EndGlobalSection
	GlobalSection(ProjectConfigurationPlatforms) = postSolution
		{8011929A-18D8-4D22-95C3-3E8C3EB22384}.Debug|Any CPU.ActiveCfg = Debug|Any CPU
		{8011929A-18D8-4D22-95C3-3E8C3EB22384}.Debug|Any CPU.Build.0 = Debug|Any CPU
		{8011929A-18D8-4D22-95C3-3E8C3EB22384}.Debug|x64.ActiveCfg = Debug|Any CPU
		{8011929A-18D8-4D22-95C3-3E8C3EB22384}.Debug|x64.Build.0 = Debug|Any CPU
		{8011929A-18D8-4D22-95C3-3E8C3EB22384}.Debug|x86.ActiveCfg = Debug|Any CPU
		{8011929A-18D8-4D22-95C3-3E8C3EB22384}.Debug|x86.Build.0 = Debug|Any CPU
		{8011929A-18D8-4D22-95C3-3E8C3EB22384}.Release|Any CPU.ActiveCfg = Release|Any CPU
		{8011929A-18D8-4D22-95C3-3E8C3EB22384}.Release|Any CPU.Build.0 = Release|Any CPU
		{8011929A-18D8-4D22-95C3-3E8C3EB22384}.Release|x64.ActiveCfg = Release|Any CPU
		{8011929A-18D8-4D22-95C3-3E8C3EB22384}.Release|x64.Build.0 = Release|Any CPU
		{8011929A-18D8-4D22-95C3-3E8C3EB22384}.Release|x86.ActiveCfg = Release|Any CPU
		{8011929A-18D8-4D22-95C3-3E8C3EB22384}.Release|x86.Build.0 = Release|Any CPU
		{1B6A75CA-0CE5-4B9B-97CF-FC1C4A8DAE1B}.Debug|Any CPU.ActiveCfg = Debug|Any CPU
		{1B6A75CA-0CE5-4B9B-97CF-FC1C4A8DAE1B}.Debug|Any CPU.Build.0 = Debug|Any CPU
		{1B6A75CA-0CE5-4B9B-97CF-FC1C4A8DAE1B}.Debug|x64.ActiveCfg = Debug|Any CPU
		{1B6A75CA-0CE5-4B9B-97CF-FC1C4A8DAE1B}.Debug|x64.Build.0 = Debug|Any CPU
		{1B6A75CA-0CE5-4B9B-97CF-FC1C4A8DAE1B}.Debug|x86.ActiveCfg = Debug|Any CPU
		{1B6A75CA-0CE5-4B9B-97CF-FC1C4A8DAE1B}.Debug|x86.Build.0 = Debug|Any CPU
		{1B6A75CA-0CE5-4B9B-97CF-FC1C4A8DAE1B}.Release|Any CPU.ActiveCfg = Release|Any CPU
		{1B6A75CA-0CE5-4B9B-97CF-FC1C4A8DAE1B}.Release|Any CPU.Build.0 = Release|Any CPU
		{1B6A75CA-0CE5-4B9B-97CF-FC1C4A8DAE1B}.Release|x64.ActiveCfg = Release|Any CPU
		{1B6A75CA-0CE5-4B9B-97CF-FC1C4A8DAE1B}.Release|x64.Build.0 = Release|Any CPU
		{1B6A75CA-0CE5-4B9B-97CF-FC1C4A8DAE1B}.Release|x86.ActiveCfg = Release|Any CPU
		{1B6A75CA-0CE5-4B9B-97CF-FC1C4A8DAE1B}.Release|x86.Build.0 = Release|Any CPU
		{7E38458A-77A5-48B6-90DF-ABEF0BCD93C8}.Debug|Any CPU.ActiveCfg = Debug|Any CPU
		{7E38458A-77A5-48B6-90DF-ABEF0BCD93C8}.Debug|Any CPU.Build.0 = Debug|Any CPU
		{7E38458A-77A5-48B6-90DF-ABEF0BCD93C8}.Debug|x64.ActiveCfg = Debug|Any CPU
		{7E38458A-77A5-48B6-90DF-ABEF0BCD93C8}.Debug|x64.Build.0 = Debug|Any CPU
		{7E38458A-77A5-48B6-90DF-ABEF0BCD93C8}.Debug|x86.ActiveCfg = Debug|Any CPU
		{7E38458A-77A5-48B6-90DF-ABEF0BCD93C8}.Debug|x86.Build.0 = Debug|Any CPU
		{7E38458A-77A5-48B6-90DF-ABEF0BCD93C8}.Release|Any CPU.ActiveCfg = Release|Any CPU
		{7E38458A-77A5-48B6-90DF-ABEF0BCD93C8}.Release|Any CPU.Build.0 = Release|Any CPU
		{7E38458A-77A5-48B6-90DF-ABEF0BCD93C8}.Release|x64.ActiveCfg = Release|Any CPU
		{7E38458A-77A5-48B6-90DF-ABEF0BCD93C8}.Release|x64.Build.0 = Release|Any CPU
		{7E38458A-77A5-48B6-90DF-ABEF0BCD93C8}.Release|x86.ActiveCfg = Release|Any CPU
		{7E38458A-77A5-48B6-90DF-ABEF0BCD93C8}.Release|x86.Build.0 = Release|Any CPU
		{EB61D1C0-5CAD-49FB-9003-20F86FF6788F}.Debug|Any CPU.ActiveCfg = Debug|Any CPU
		{EB61D1C0-5CAD-49FB-9003-20F86FF6788F}.Debug|Any CPU.Build.0 = Debug|Any CPU
		{EB61D1C0-5CAD-49FB-9003-20F86FF6788F}.Debug|x64.ActiveCfg = Debug|Any CPU
		{EB61D1C0-5CAD-49FB-9003-20F86FF6788F}.Debug|x64.Build.0 = Debug|Any CPU
		{EB61D1C0-5CAD-49FB-9003-20F86FF6788F}.Debug|x86.ActiveCfg = Debug|Any CPU
		{EB61D1C0-5CAD-49FB-9003-20F86FF6788F}.Debug|x86.Build.0 = Debug|Any CPU
		{EB61D1C0-5CAD-49FB-9003-20F86FF6788F}.Release|Any CPU.ActiveCfg = Release|Any CPU
		{EB61D1C0-5CAD-49FB-9003-20F86FF6788F}.Release|Any CPU.Build.0 = Release|Any CPU
		{EB61D1C0-5CAD-49FB-9003-20F86FF6788F}.Release|x64.ActiveCfg = Release|Any CPU
		{EB61D1C0-5CAD-49FB-9003-20F86FF6788F}.Release|x64.Build.0 = Release|Any CPU
		{EB61D1C0-5CAD-49FB-9003-20F86FF6788F}.Release|x86.ActiveCfg = Release|Any CPU
		{EB61D1C0-5CAD-49FB-9003-20F86FF6788F}.Release|x86.Build.0 = Release|Any CPU
		{F23B481C-DA67-44AA-89D3-31E476546B04}.Debug|Any CPU.ActiveCfg = Debug|Any CPU
		{F23B481C-DA67-44AA-89D3-31E476546B04}.Debug|Any CPU.Build.0 = Debug|Any CPU
		{F23B481C-DA67-44AA-89D3-31E476546B04}.Debug|x64.ActiveCfg = Debug|Any CPU
		{F23B481C-DA67-44AA-89D3-31E476546B04}.Debug|x64.Build.0 = Debug|Any CPU
		{F23B481C-DA67-44AA-89D3-31E476546B04}.Debug|x86.ActiveCfg = Debug|Any CPU
		{F23B481C-DA67-44AA-89D3-31E476546B04}.Debug|x86.Build.0 = Debug|Any CPU
		{F23B481C-DA67-44AA-89D3-31E476546B04}.Release|Any CPU.ActiveCfg = Release|Any CPU
		{F23B481C-DA67-44AA-89D3-31E476546B04}.Release|Any CPU.Build.0 = Release|Any CPU
		{F23B481C-DA67-44AA-89D3-31E476546B04}.Release|x64.ActiveCfg = Release|Any CPU
		{F23B481C-DA67-44AA-89D3-31E476546B04}.Release|x64.Build.0 = Release|Any CPU
		{F23B481C-DA67-44AA-89D3-31E476546B04}.Release|x86.ActiveCfg = Release|Any CPU
		{F23B481C-DA67-44AA-89D3-31E476546B04}.Release|x86.Build.0 = Release|Any CPU
		{6FDCC8FC-D693-4D68-A385-EE507F5466BD}.Debug|Any CPU.ActiveCfg = Debug|Any CPU
		{6FDCC8FC-D693-4D68-A385-EE507F5466BD}.Debug|Any CPU.Build.0 = Debug|Any CPU
		{6FDCC8FC-D693-4D68-A385-EE507F5466BD}.Debug|x64.ActiveCfg = Debug|Any CPU
		{6FDCC8FC-D693-4D68-A385-EE507F5466BD}.Debug|x64.Build.0 = Debug|Any CPU
		{6FDCC8FC-D693-4D68-A385-EE507F5466BD}.Debug|x86.ActiveCfg = Debug|Any CPU
		{6FDCC8FC-D693-4D68-A385-EE507F5466BD}.Debug|x86.Build.0 = Debug|Any CPU
		{6FDCC8FC-D693-4D68-A385-EE507F5466BD}.Release|Any CPU.ActiveCfg = Release|Any CPU
		{6FDCC8FC-D693-4D68-A385-EE507F5466BD}.Release|Any CPU.Build.0 = Release|Any CPU
		{6FDCC8FC-D693-4D68-A385-EE507F5466BD}.Release|x64.ActiveCfg = Release|Any CPU
		{6FDCC8FC-D693-4D68-A385-EE507F5466BD}.Release|x64.Build.0 = Release|Any CPU
		{6FDCC8FC-D693-4D68-A385-EE507F5466BD}.Release|x86.ActiveCfg = Release|Any CPU
		{6FDCC8FC-D693-4D68-A385-EE507F5466BD}.Release|x86.Build.0 = Release|Any CPU
		{9928B46C-2609-460D-84FF-B1FE08570120}.Debug|Any CPU.ActiveCfg = Debug|Any CPU
		{9928B46C-2609-460D-84FF-B1FE08570120}.Debug|Any CPU.Build.0 = Debug|Any CPU
		{9928B46C-2609-460D-84FF-B1FE08570120}.Debug|x64.ActiveCfg = Debug|Any CPU
		{9928B46C-2609-460D-84FF-B1FE08570120}.Debug|x64.Build.0 = Debug|Any CPU
		{9928B46C-2609-460D-84FF-B1FE08570120}.Debug|x86.ActiveCfg = Debug|Any CPU
		{9928B46C-2609-460D-84FF-B1FE08570120}.Debug|x86.Build.0 = Debug|Any CPU
		{9928B46C-2609-460D-84FF-B1FE08570120}.Release|Any CPU.ActiveCfg = Release|Any CPU
		{9928B46C-2609-460D-84FF-B1FE08570120}.Release|Any CPU.Build.0 = Release|Any CPU
		{9928B46C-2609-460D-84FF-B1FE08570120}.Release|x64.ActiveCfg = Release|Any CPU
		{9928B46C-2609-460D-84FF-B1FE08570120}.Release|x64.Build.0 = Release|Any CPU
		{9928B46C-2609-460D-84FF-B1FE08570120}.Release|x86.ActiveCfg = Release|Any CPU
		{9928B46C-2609-460D-84FF-B1FE08570120}.Release|x86.Build.0 = Release|Any CPU
		{57AE94A2-349F-4601-B625-49F05BCBBAC4}.Debug|Any CPU.ActiveCfg = Debug|Any CPU
		{57AE94A2-349F-4601-B625-49F05BCBBAC4}.Debug|Any CPU.Build.0 = Debug|Any CPU
		{57AE94A2-349F-4601-B625-49F05BCBBAC4}.Debug|x64.ActiveCfg = Debug|Any CPU
		{57AE94A2-349F-4601-B625-49F05BCBBAC4}.Debug|x64.Build.0 = Debug|Any CPU
		{57AE94A2-349F-4601-B625-49F05BCBBAC4}.Debug|x86.ActiveCfg = Debug|Any CPU
		{57AE94A2-349F-4601-B625-49F05BCBBAC4}.Debug|x86.Build.0 = Debug|Any CPU
		{57AE94A2-349F-4601-B625-49F05BCBBAC4}.Release|Any CPU.ActiveCfg = Release|Any CPU
		{57AE94A2-349F-4601-B625-49F05BCBBAC4}.Release|Any CPU.Build.0 = Release|Any CPU
		{57AE94A2-349F-4601-B625-49F05BCBBAC4}.Release|x64.ActiveCfg = Release|Any CPU
		{57AE94A2-349F-4601-B625-49F05BCBBAC4}.Release|x64.Build.0 = Release|Any CPU
		{57AE94A2-349F-4601-B625-49F05BCBBAC4}.Release|x86.ActiveCfg = Release|Any CPU
		{57AE94A2-349F-4601-B625-49F05BCBBAC4}.Release|x86.Build.0 = Release|Any CPU
		{468A78F3-9EAD-423D-8BA7-3A22B84C0822}.Debug|Any CPU.ActiveCfg = Debug|Any CPU
		{468A78F3-9EAD-423D-8BA7-3A22B84C0822}.Debug|Any CPU.Build.0 = Debug|Any CPU
		{468A78F3-9EAD-423D-8BA7-3A22B84C0822}.Debug|x64.ActiveCfg = Debug|Any CPU
		{468A78F3-9EAD-423D-8BA7-3A22B84C0822}.Debug|x64.Build.0 = Debug|Any CPU
		{468A78F3-9EAD-423D-8BA7-3A22B84C0822}.Debug|x86.ActiveCfg = Debug|Any CPU
		{468A78F3-9EAD-423D-8BA7-3A22B84C0822}.Debug|x86.Build.0 = Debug|Any CPU
		{468A78F3-9EAD-423D-8BA7-3A22B84C0822}.Release|Any CPU.ActiveCfg = Release|Any CPU
		{468A78F3-9EAD-423D-8BA7-3A22B84C0822}.Release|Any CPU.Build.0 = Release|Any CPU
		{468A78F3-9EAD-423D-8BA7-3A22B84C0822}.Release|x64.ActiveCfg = Release|Any CPU
		{468A78F3-9EAD-423D-8BA7-3A22B84C0822}.Release|x64.Build.0 = Release|Any CPU
		{468A78F3-9EAD-423D-8BA7-3A22B84C0822}.Release|x86.ActiveCfg = Release|Any CPU
		{468A78F3-9EAD-423D-8BA7-3A22B84C0822}.Release|x86.Build.0 = Release|Any CPU
		{883652F6-7652-42DF-A3AA-E1DC9998C6C6}.Debug|Any CPU.ActiveCfg = Debug|Any CPU
		{883652F6-7652-42DF-A3AA-E1DC9998C6C6}.Debug|Any CPU.Build.0 = Debug|Any CPU
		{883652F6-7652-42DF-A3AA-E1DC9998C6C6}.Debug|x64.ActiveCfg = Debug|Any CPU
		{883652F6-7652-42DF-A3AA-E1DC9998C6C6}.Debug|x64.Build.0 = Debug|Any CPU
		{883652F6-7652-42DF-A3AA-E1DC9998C6C6}.Debug|x86.ActiveCfg = Debug|Any CPU
		{883652F6-7652-42DF-A3AA-E1DC9998C6C6}.Debug|x86.Build.0 = Debug|Any CPU
		{883652F6-7652-42DF-A3AA-E1DC9998C6C6}.Release|Any CPU.ActiveCfg = Release|Any CPU
		{883652F6-7652-42DF-A3AA-E1DC9998C6C6}.Release|Any CPU.Build.0 = Release|Any CPU
		{883652F6-7652-42DF-A3AA-E1DC9998C6C6}.Release|x64.ActiveCfg = Release|Any CPU
		{883652F6-7652-42DF-A3AA-E1DC9998C6C6}.Release|x64.Build.0 = Release|Any CPU
		{883652F6-7652-42DF-A3AA-E1DC9998C6C6}.Release|x86.ActiveCfg = Release|Any CPU
		{883652F6-7652-42DF-A3AA-E1DC9998C6C6}.Release|x86.Build.0 = Release|Any CPU
		{B94CFBDB-B273-43EE-A31F-DA217DC0FA7E}.Debug|Any CPU.ActiveCfg = Debug|Any CPU
		{B94CFBDB-B273-43EE-A31F-DA217DC0FA7E}.Debug|Any CPU.Build.0 = Debug|Any CPU
		{B94CFBDB-B273-43EE-A31F-DA217DC0FA7E}.Debug|x64.ActiveCfg = Debug|Any CPU
		{B94CFBDB-B273-43EE-A31F-DA217DC0FA7E}.Debug|x64.Build.0 = Debug|Any CPU
		{B94CFBDB-B273-43EE-A31F-DA217DC0FA7E}.Debug|x86.ActiveCfg = Debug|Any CPU
		{B94CFBDB-B273-43EE-A31F-DA217DC0FA7E}.Debug|x86.Build.0 = Debug|Any CPU
		{B94CFBDB-B273-43EE-A31F-DA217DC0FA7E}.Release|Any CPU.ActiveCfg = Release|Any CPU
		{B94CFBDB-B273-43EE-A31F-DA217DC0FA7E}.Release|Any CPU.Build.0 = Release|Any CPU
		{B94CFBDB-B273-43EE-A31F-DA217DC0FA7E}.Release|x64.ActiveCfg = Release|Any CPU
		{B94CFBDB-B273-43EE-A31F-DA217DC0FA7E}.Release|x64.Build.0 = Release|Any CPU
		{B94CFBDB-B273-43EE-A31F-DA217DC0FA7E}.Release|x86.ActiveCfg = Release|Any CPU
		{B94CFBDB-B273-43EE-A31F-DA217DC0FA7E}.Release|x86.Build.0 = Release|Any CPU
		{197A3560-5092-4AE2-9529-778CE9EE2F45}.Debug|Any CPU.ActiveCfg = Debug|Any CPU
		{197A3560-5092-4AE2-9529-778CE9EE2F45}.Debug|Any CPU.Build.0 = Debug|Any CPU
		{197A3560-5092-4AE2-9529-778CE9EE2F45}.Debug|x64.ActiveCfg = Debug|Any CPU
		{197A3560-5092-4AE2-9529-778CE9EE2F45}.Debug|x64.Build.0 = Debug|Any CPU
		{197A3560-5092-4AE2-9529-778CE9EE2F45}.Debug|x86.ActiveCfg = Debug|Any CPU
		{197A3560-5092-4AE2-9529-778CE9EE2F45}.Debug|x86.Build.0 = Debug|Any CPU
		{197A3560-5092-4AE2-9529-778CE9EE2F45}.Release|Any CPU.ActiveCfg = Release|Any CPU
		{197A3560-5092-4AE2-9529-778CE9EE2F45}.Release|Any CPU.Build.0 = Release|Any CPU
		{197A3560-5092-4AE2-9529-778CE9EE2F45}.Release|x64.ActiveCfg = Release|Any CPU
		{197A3560-5092-4AE2-9529-778CE9EE2F45}.Release|x64.Build.0 = Release|Any CPU
		{197A3560-5092-4AE2-9529-778CE9EE2F45}.Release|x86.ActiveCfg = Release|Any CPU
		{197A3560-5092-4AE2-9529-778CE9EE2F45}.Release|x86.Build.0 = Release|Any CPU
		{11345366-F601-49C9-997A-7E3132F6AF61}.Debug|Any CPU.ActiveCfg = Debug|Any CPU
		{11345366-F601-49C9-997A-7E3132F6AF61}.Debug|Any CPU.Build.0 = Debug|Any CPU
		{11345366-F601-49C9-997A-7E3132F6AF61}.Debug|x64.ActiveCfg = Debug|Any CPU
		{11345366-F601-49C9-997A-7E3132F6AF61}.Debug|x64.Build.0 = Debug|Any CPU
		{11345366-F601-49C9-997A-7E3132F6AF61}.Debug|x86.ActiveCfg = Debug|Any CPU
		{11345366-F601-49C9-997A-7E3132F6AF61}.Debug|x86.Build.0 = Debug|Any CPU
		{11345366-F601-49C9-997A-7E3132F6AF61}.Release|Any CPU.ActiveCfg = Release|Any CPU
		{11345366-F601-49C9-997A-7E3132F6AF61}.Release|Any CPU.Build.0 = Release|Any CPU
		{11345366-F601-49C9-997A-7E3132F6AF61}.Release|x64.ActiveCfg = Release|Any CPU
		{11345366-F601-49C9-997A-7E3132F6AF61}.Release|x64.Build.0 = Release|Any CPU
		{11345366-F601-49C9-997A-7E3132F6AF61}.Release|x86.ActiveCfg = Release|Any CPU
		{11345366-F601-49C9-997A-7E3132F6AF61}.Release|x86.Build.0 = Release|Any CPU
	EndGlobalSection
	GlobalSection(SolutionProperties) = preSolution
		HideSolutionNode = FALSE
	EndGlobalSection
	GlobalSection(ExtensibilityGlobals) = postSolution
		SolutionGuid = {059D00C7-6389-40F1-9A37-F759B3B837E0}
	EndGlobalSection
EndGlobal
